
Microsoft Visual Studio Solution File, Format Version 12.00
Project("{FAE04EC0-301F-11D3-BF4B-00C04F79EFBC}") = "Day01", "Day01\Day01.csproj", "{F92D7ACA-32E7-4D1F-93C0-E2E67323C4EB}"
EndProject
Project("{FAE04EC0-301F-11D3-BF4B-00C04F79EFBC}") = "Shared", "Shared\Shared.csproj", "{73D273F5-8CF0-4A14-B334-F6E4FEFE07E7}"
EndProject
Project("{FAE04EC0-301F-11D3-BF4B-00C04F79EFBC}") = "Day01.Two", "Day01.Two\Day01.Two.csproj", "{F89B2960-ECA0-4788-A752-915DF924228A}"
EndProject
Project("{FAE04EC0-301F-11D3-BF4B-00C04F79EFBC}") = "Day02", "Day02\Day02.csproj", "{D9FA463F-423A-4B21-87DA-B9844638608C}"
EndProject
Project("{FAE04EC0-301F-11D3-BF4B-00C04F79EFBC}") = "Day02.Two", "Day02.Two\Day02.Two.csproj", "{2153F78F-2BD2-41AA-AFED-D559B3013BD7}"
EndProject
Project("{FAE04EC0-301F-11D3-BF4B-00C04F79EFBC}") = "Day03", "Day03\Day03.csproj", "{2EAE0AFC-FE7F-437C-98F8-03C8A0866483}"
EndProject
Project("{FAE04EC0-301F-11D3-BF4B-00C04F79EFBC}") = "Day03.Two", "Day03.Two\Day03.Two.csproj", "{C211335A-118D-419E-B75E-A48FBD754DCD}"
EndProject
Project("{FAE04EC0-301F-11D3-BF4B-00C04F79EFBC}") = "Day04", "Day04\Day04.csproj", "{25E239E5-AED7-4D32-8B2F-8E67409D9A4E}"
EndProject
Project("{FAE04EC0-301F-11D3-BF4B-00C04F79EFBC}") = "Day04.Two", "Day04.Two\Day04.Two.csproj", "{55397379-7605-4106-9103-DDDF36710203}"
EndProject
Project("{FAE04EC0-301F-11D3-BF4B-00C04F79EFBC}") = "Day05", "Day05\Day05.csproj", "{663742CD-A7FA-48E6-A96B-E4C0F9ED4BFE}"
EndProject
Project("{FAE04EC0-301F-11D3-BF4B-00C04F79EFBC}") = "Day05.Two", "Day05.Two\Day05.Two.csproj", "{3A0855BF-55C1-499E-8BEF-DE42CD3EAE06}"
EndProject
Project("{FAE04EC0-301F-11D3-BF4B-00C04F79EFBC}") = "Day06", "Day06\Day06.csproj", "{34A7BE1D-094D-4968-8BC1-C877E23D824C}"
EndProject
Project("{FAE04EC0-301F-11D3-BF4B-00C04F79EFBC}") = "Day06.Two", "Day06.Two\Day06.Two.csproj", "{5E9A8BD3-DA5A-4AA5-B592-E5125CA469F5}"
EndProject
 Project("{FAE04EC0-301F-11D3-BF4B-00C04F79EFBC}") = "Day07", "Day07\Day07.csproj", "{89784565-85E6-48FC-8708-BFFBE259601F}"
EndProject
Project("{FAE04EC0-301F-11D3-BF4B-00C04F79EFBC}") = "Day07.Two", "Day07.Two\Day07.Two.csproj", "{8DAC7C04-8B66-4D87-B59F-F318B21978A9}"
EndProject
Global
	GlobalSection(SolutionConfigurationPlatforms) = preSolution
		Debug|Any CPU = Debug|Any CPU
		Release|Any CPU = Release|Any CPU
	EndGlobalSection
	GlobalSection(ProjectConfigurationPlatforms) = postSolution
		{F92D7ACA-32E7-4D1F-93C0-E2E67323C4EB}.Debug|Any CPU.ActiveCfg = Debug|Any CPU
		{F92D7ACA-32E7-4D1F-93C0-E2E67323C4EB}.Debug|Any CPU.Build.0 = Debug|Any CPU
		{F92D7ACA-32E7-4D1F-93C0-E2E67323C4EB}.Release|Any CPU.ActiveCfg = Release|Any CPU
		{F92D7ACA-32E7-4D1F-93C0-E2E67323C4EB}.Release|Any CPU.Build.0 = Release|Any CPU
		{73D273F5-8CF0-4A14-B334-F6E4FEFE07E7}.Debug|Any CPU.ActiveCfg = Debug|Any CPU
		{73D273F5-8CF0-4A14-B334-F6E4FEFE07E7}.Debug|Any CPU.Build.0 = Debug|Any CPU
		{73D273F5-8CF0-4A14-B334-F6E4FEFE07E7}.Release|Any CPU.ActiveCfg = Release|Any CPU
		{73D273F5-8CF0-4A14-B334-F6E4FEFE07E7}.Release|Any CPU.Build.0 = Release|Any CPU
		{F89B2960-ECA0-4788-A752-915DF924228A}.Debug|Any CPU.ActiveCfg = Debug|Any CPU
		{F89B2960-ECA0-4788-A752-915DF924228A}.Debug|Any CPU.Build.0 = Debug|Any CPU
		{F89B2960-ECA0-4788-A752-915DF924228A}.Release|Any CPU.ActiveCfg = Release|Any CPU
		{F89B2960-ECA0-4788-A752-915DF924228A}.Release|Any CPU.Build.0 = Release|Any CPU
		{D9FA463F-423A-4B21-87DA-B9844638608C}.Debug|Any CPU.ActiveCfg = Debug|Any CPU
		{D9FA463F-423A-4B21-87DA-B9844638608C}.Debug|Any CPU.Build.0 = Debug|Any CPU
		{D9FA463F-423A-4B21-87DA-B9844638608C}.Release|Any CPU.ActiveCfg = Release|Any CPU
		{D9FA463F-423A-4B21-87DA-B9844638608C}.Release|Any CPU.Build.0 = Release|Any CPU
		{2153F78F-2BD2-41AA-AFED-D559B3013BD7}.Debug|Any CPU.ActiveCfg = Debug|Any CPU
		{2153F78F-2BD2-41AA-AFED-D559B3013BD7}.Debug|Any CPU.Build.0 = Debug|Any CPU
		{2153F78F-2BD2-41AA-AFED-D559B3013BD7}.Release|Any CPU.ActiveCfg = Release|Any CPU
		{2153F78F-2BD2-41AA-AFED-D559B3013BD7}.Release|Any CPU.Build.0 = Release|Any CPU
		{2EAE0AFC-FE7F-437C-98F8-03C8A0866483}.Debug|Any CPU.ActiveCfg = Debug|Any CPU
		{2EAE0AFC-FE7F-437C-98F8-03C8A0866483}.Debug|Any CPU.Build.0 = Debug|Any CPU
		{2EAE0AFC-FE7F-437C-98F8-03C8A0866483}.Release|Any CPU.ActiveCfg = Release|Any CPU
		{2EAE0AFC-FE7F-437C-98F8-03C8A0866483}.Release|Any CPU.Build.0 = Release|Any CPU
		{C211335A-118D-419E-B75E-A48FBD754DCD}.Debug|Any CPU.ActiveCfg = Debug|Any CPU
		{C211335A-118D-419E-B75E-A48FBD754DCD}.Debug|Any CPU.Build.0 = Debug|Any CPU
		{C211335A-118D-419E-B75E-A48FBD754DCD}.Release|Any CPU.ActiveCfg = Release|Any CPU
		{C211335A-118D-419E-B75E-A48FBD754DCD}.Release|Any CPU.Build.0 = Release|Any CPU
		{25E239E5-AED7-4D32-8B2F-8E67409D9A4E}.Debug|Any CPU.ActiveCfg = Debug|Any CPU
		{25E239E5-AED7-4D32-8B2F-8E67409D9A4E}.Debug|Any CPU.Build.0 = Debug|Any CPU
		{25E239E5-AED7-4D32-8B2F-8E67409D9A4E}.Release|Any CPU.ActiveCfg = Release|Any CPU
		{25E239E5-AED7-4D32-8B2F-8E67409D9A4E}.Release|Any CPU.Build.0 = Release|Any CPU
		{55397379-7605-4106-9103-DDDF36710203}.Debug|Any CPU.ActiveCfg = Debug|Any CPU
		{55397379-7605-4106-9103-DDDF36710203}.Debug|Any CPU.Build.0 = Debug|Any CPU
		{55397379-7605-4106-9103-DDDF36710203}.Release|Any CPU.ActiveCfg = Release|Any CPU
		{55397379-7605-4106-9103-DDDF36710203}.Release|Any CPU.Build.0 = Release|Any CPU
		{663742CD-A7FA-48E6-A96B-E4C0F9ED4BFE}.Debug|Any CPU.ActiveCfg = Debug|Any CPU
		{663742CD-A7FA-48E6-A96B-E4C0F9ED4BFE}.Debug|Any CPU.Build.0 = Debug|Any CPU
		{663742CD-A7FA-48E6-A96B-E4C0F9ED4BFE}.Release|Any CPU.ActiveCfg = Release|Any CPU
		{663742CD-A7FA-48E6-A96B-E4C0F9ED4BFE}.Release|Any CPU.Build.0 = Release|Any CPU
		{3A0855BF-55C1-499E-8BEF-DE42CD3EAE06}.Debug|Any CPU.ActiveCfg = Debug|Any CPU
		{3A0855BF-55C1-499E-8BEF-DE42CD3EAE06}.Debug|Any CPU.Build.0 = Debug|Any CPU
		{3A0855BF-55C1-499E-8BEF-DE42CD3EAE06}.Release|Any CPU.ActiveCfg = Release|Any CPU
		{3A0855BF-55C1-499E-8BEF-DE42CD3EAE06}.Release|Any CPU.Build.0 = Release|Any CPU
		{34A7BE1D-094D-4968-8BC1-C877E23D824C}.Debug|Any CPU.ActiveCfg = Debug|Any CPU
		{34A7BE1D-094D-4968-8BC1-C877E23D824C}.Debug|Any CPU.Build.0 = Debug|Any CPU
		{34A7BE1D-094D-4968-8BC1-C877E23D824C}.Release|Any CPU.ActiveCfg = Release|Any CPU
		{34A7BE1D-094D-4968-8BC1-C877E23D824C}.Release|Any CPU.Build.0 = Release|Any CPU
		{5E9A8BD3-DA5A-4AA5-B592-E5125CA469F5}.Debug|Any CPU.ActiveCfg = Debug|Any CPU
		{5E9A8BD3-DA5A-4AA5-B592-E5125CA469F5}.Debug|Any CPU.Build.0 = Debug|Any CPU
		{5E9A8BD3-DA5A-4AA5-B592-E5125CA469F5}.Release|Any CPU.ActiveCfg = Release|Any CPU
		{5E9A8BD3-DA5A-4AA5-B592-E5125CA469F5}.Release|Any CPU.Build.0 = Release|Any CPU
		{89784565-85E6-48FC-8708-BFFBE259601F}.Debug|Any CPU.ActiveCfg = Debug|Any CPU
		{89784565-85E6-48FC-8708-BFFBE259601F}.Debug|Any CPU.Build.0 = Debug|Any CPU
		{89784565-85E6-48FC-8708-BFFBE259601F}.Release|Any CPU.ActiveCfg = Release|Any CPU
		{89784565-85E6-48FC-8708-BFFBE259601F}.Release|Any CPU.Build.0 = Release|Any CPU
		{8DAC7C04-8B66-4D87-B59F-F318B21978A9}.Debug|Any CPU.ActiveCfg = Debug|Any CPU
		{8DAC7C04-8B66-4D87-B59F-F318B21978A9}.Debug|Any CPU.Build.0 = Debug|Any CPU
		{8DAC7C04-8B66-4D87-B59F-F318B21978A9}.Release|Any CPU.ActiveCfg = Release|Any CPU
		{8DAC7C04-8B66-4D87-B59F-F318B21978A9}.Release|Any CPU.Build.0 = Release|Any CPU
	EndGlobalSection
EndGlobal
